{
  "name": "fh-amqp-js",
  "version": "0.7.3",
  "dependencies": {
    "amqp": {
      "version": "0.2.6",
      "from": "https://registry.npmjs.org/amqp/-/amqp-0.2.6.tgz",
      "resolved": "https://registry.npmjs.org/amqp/-/amqp-0.2.6.tgz"
    },
    "async": {
      "version": "0.2.7",
      "from": "https://registry.npmjs.org/async/-/async-0.2.7.tgz",
      "resolved": "https://registry.npmjs.org/async/-/async-0.2.7.tgz"
    },
    "lodash": {
      "version": "4.17.5",
      "from": "https://registry.npmjs.org/lodash/-/lodash-4.17.5.tgz",
      "resolved": "https://registry.npmjs.org/lodash/-/lodash-4.17.5.tgz"
    },
    "node-uuid": {
      "version": "1.4.8",
      "from": "https://registry.npmjs.org/node-uuid/-/node-uuid-1.4.8.tgz",
      "resolved": "https://registry.npmjs.org/node-uuid/-/node-uuid-1.4.8.tgz"
    },
    "rc": {
      "version": "0.1.1",
      "from": "https://registry.npmjs.org/rc/-/rc-0.1.1.tgz",
      "resolved": "https://registry.npmjs.org/rc/-/rc-0.1.1.tgz",
      "dependencies": {
        "deep-extend": {
          "version": "0.2.11",
          "from": "https://registry.npmjs.org/deep-extend/-/deep-extend-0.2.11.tgz",
          "resolved": "https://registry.npmjs.org/deep-extend/-/deep-extend-0.2.11.tgz"
        },
        "ini": {
          "version": "1.1.0",
          "from": "https://registry.npmjs.org/ini/-/ini-1.1.0.tgz",
          "resolved": "https://registry.npmjs.org/ini/-/ini-1.1.0.tgz"
        },
        "optimist": {
          "version": "0.3.7",
          "from": "https://registry.npmjs.org/optimist/-/optimist-0.3.7.tgz",
          "resolved": "https://registry.npmjs.org/optimist/-/optimist-0.3.7.tgz",
          "dependencies": {
            "wordwrap": {
              "version": "0.0.3",
              "from": "https://registry.npmjs.org/wordwrap/-/wordwrap-0.0.3.tgz",
              "resolved": "https://registry.npmjs.org/wordwrap/-/wordwrap-0.0.3.tgz"
            }
          }
        }
      }
    }
  }
}
