{
  "name": "fh-amqp-js",
  "version": "0.7.4",
  "dependencies": {
    "amqp": {
      "version": "0.2.6",
      "from": "amqp@0.2.6",
      "resolved": "https://registry.npmjs.org/amqp/-/amqp-0.2.6.tgz"
    },
    "async": {
      "version": "1.5.2",
      "from": "async@1.5.2",
      "resolved": "https://registry.npmjs.org/async/-/async-1.5.2.tgz"
    },
    "deep-extend": {
      "version": "0.6.0",
      "from": "deep-extend@>=0.6.0 <0.7.0",
      "resolved": "https://registry.npmjs.org/deep-extend/-/deep-extend-0.6.0.tgz"
    },
    "ini": {
      "version": "1.3.5",
      "from": "ini@>=1.3.0 <1.4.0",
      "resolved": "https://registry.npmjs.org/ini/-/ini-1.3.5.tgz"
    },
    "lodash": {
      "version": "4.17.10",
      "from": "lodash@4.17.10",
      "resolved": "https://registry.npmjs.org/lodash/-/lodash-4.17.10.tgz"
    },
    "minimist": {
      "version": "1.2.0",
      "from": "minimist@>=1.2.0 <2.0.0",
      "resolved": "https://registry.npmjs.org/minimist/-/minimist-1.2.0.tgz"
    },
    "node-uuid": {
      "version": "1.4.8",
      "from": "node-uuid@>=1.4.4 <2.0.0",
      "resolved": "https://registry.npmjs.org/node-uuid/-/node-uuid-1.4.8.tgz"
    },
    "rc": {
      "version": "1.2.8",
      "from": "rc@1.2.8",
      "resolved": "https://registry.npmjs.org/rc/-/rc-1.2.8.tgz"
    },
    "strip-json-comments": {
      "version": "2.0.1",
      "from": "strip-json-comments@>=2.0.1 <2.1.0",
      "resolved": "https://registry.npmjs.org/strip-json-comments/-/strip-json-comments-2.0.1.tgz"
    }
  }
}
